// !$*UTF8*$!
{
	archiveVersion = 1;
	classes = {
	};
	objectVersion = 77;
	objects = {

/* Begin PBXContainerItemProxy section */
		265E2BA22F51801E00FF97DF /* PBXContainerItemProxy */ = {
			isa = PBXContainerItemProxy;
			containerPortal = 265E2B8C2F51801C00FF97DF /* Project object */;
			proxyType = 1;
			remoteGlobalIDString = 265E2B932F51801C00FF97DF;
			remoteInfo = Changeover;
		};
		265E2BAC2F51801E00FF97DF /* PBXContainerItemProxy */ = {
			isa = PBXContainerItemProxy;
			containerPortal = 265E2B8C2F51801C00FF97DF /* Project object */;
			proxyType = 1;
			remoteGlobalIDString = 265E2B932F51801C00FF97DF;
			remoteInfo = Changeover;
		};
/* End PBXContainerItemProxy section */

/* Begin PBXFileReference section */
		265E2B942F51801C00FF97DF /* Changeover.app */ = {isa = PBXFileReference; explicitFileType = wrapper.application; includeInIndex = 0; path = Changeover.app; sourceTree = BUILT_PRODUCTS_DIR; };
		265E2BA12F51801E00FF97DF /* ChangeoverTests.xctest */ = {isa = PBXFileReference; explicitFileType = wrapper.cfbundle; includeInIndex = 0; path = ChangeoverTests.xctest; sourceTree = BUILT_PRODUCTS_DIR; };
		265E2BAB2F51801E00FF97DF /* ChangeoverUITests.xctest */ = {isa = PBXFileReference; explicitFileType = wrapper.cfbundle; includeInIndex = 0; path = ChangeoverUITests.xctest; sourceTree = BUILT_PRODUCTS_DIR; };
		265E2BBE2F51802000FF97DF /* Secrets.xcconfig */ = {isa = PBXFileReference; lastKnownFileType = text.xcconfig; name = Secrets.xcconfig; path = Changeover/Secrets.xcconfig; sourceTree = "<group>"; };
/* End PBXFileReference section */

/* Begin PBXFileSystemSynchronizedRootGroup section */
		265E2B962F51801C00FF97DF /* Changeover */ = {
			isa = PBXFileSystemSynchronizedRootGroup;
			path = Changeover;
			sourceTree = "<group>";
		};
		265E2BA42F51801E00FF97DF /* ChangeoverTests */ = {
			isa = PBXFileSystemSynchronizedRootGroup;
			path = ChangeoverTests;
			sourceTree = "<group>";
		};
		265E2BAE2F51801E00FF97DF /* ChangeoverUITests */ = {
			isa = PBXFileSystemSynchronizedRootGroup;
			path = ChangeoverUITests;
			sourceTree = "<group>";
		};
/* End PBXFileSystemSynchronizedRootGroup section */

/* Begin PBXFrameworksBuildPhase section */
		265E2B912F51801C00FF97DF /* Frameworks */ = {
			isa = PBXFrameworksBuildPhase;
			buildActionMask = 2147483647;
			files = (
			);
			runOnlyForDeploymentPostprocessing = 0;
		};
		265E2B9E2F51801E00FF97DF /* Frameworks */ = {
			isa = PBXFrameworksBuildPhase;
			buildActionMask = 2147483647;
			files = (
			);
			runOnlyForDeploymentPostprocessing = 0;
		};
		265E2BA82F51801E00FF97DF /* Frameworks */ = {
			isa = PBXFrameworksBuildPhase;
			buildActionMask = 2147483647;
			files = (
			);
			runOnlyForDeploymentPostprocessing = 0;
		};
/* End PBXFrameworksBuildPhase section */

/* Begin PBXGroup section */
		265E2B8B2F51801C00FF97DF = {
			isa = PBXGroup;
			children = (
				265E2B962F51801C00FF97DF /* Changeover */,
				265E2BA42F51801E00FF97DF /* ChangeoverTests */,
				265E2BAE2F51801E00FF97DF /* ChangeoverUITests */,
				265E2B952F51801C00FF97DF /* Products */,
				265E2BBE2F51802000FF97DF /* Secrets.xcconfig */,
			);
			sourceTree = "<group>";
		};
		265E2B952F51801C00FF97DF /* Products */ = {
			isa = PBXGroup;
			children = (
				265E2B942F51801C00FF97DF /* Changeover.app */,
				265E2BA12F51801E00FF97DF /* ChangeoverTests.xctest */,
				265E2BAB2F51801E00FF97DF /* ChangeoverUITests.xctest */,
			);
			name = Products;
			sourceTree = "<group>";
		};
/* End PBXGroup section */

/* Begin PBXNativeTarget section */
		265E2B932F51801C00FF97DF /* Changeover */ = {
			isa = PBXNativeTarget;
			buildConfigurationList = 265E2BB52F51801E00FF97DF /* Build configuration list for PBXNativeTarget "Changeover" */;
			buildPhases = (
				265E2B902F51801C00FF97DF /* Sources */,
				265E2B912F51801C00FF97DF /* Frameworks */,
				265E2B922F51801C00FF97DF /* Resources */,
			);
			buildRules = (
			);
			dependencies = (
			);
			fileSystemSynchronizedGroups = (
				265E2B962F51801C00FF97DF /* Changeover */,
			);
			name = Changeover;
			packageProductDependencies = (
			);
			productName = Changeover;
			productReference = 265E2B942F51801C00FF97DF /* Changeover.app */;
			productType = "com.apple.product-type.application";
		};
		265E2BA02F51801E00FF97DF /* ChangeoverTests */ = {
			isa = PBXNativeTarget;
			buildConfigurationList = 265E2BB82F51801E00FF97DF /* Build configuration list for PBXNativeTarget "ChangeoverTests" */;
			buildPhases = (
				265E2B9D2F51801E00FF97DF /* Sources */,
				265E2B9E2F51801E00FF97DF /* Frameworks */,
				265E2B9F2F51801E00FF97DF /* Resources */,
			);
			buildRules = (
			);
			dependencies = (
				265E2BA32F51801E00FF97DF /* PBXTargetDependency */,
			);
			fileSystemSynchronizedGroups = (
				265E2BA42F51801E00FF97DF /* ChangeoverTests */,
			);
			name = ChangeoverTests;
			packageProductDependencies = (
			);
			productName = ChangeoverTests;
			productReference = 265E2BA12F51801E00FF97DF /* ChangeoverTests.xctest */;
			productType = "com.apple.product-type.bundle.unit-test";
		};
		265E2BAA2F51801E00FF97DF /* ChangeoverUITests */ = {
			isa = PBXNativeTarget;
			buildConfigurationList = 265E2BBB2F51801E00FF97DF /* Build configuration list for PBXNativeTarget "ChangeoverUITests" */;
			buildPhases = (
				265E2BA72F51801E00FF97DF /* Sources */,
				265E2BA82F51801E00FF97DF /* Frameworks */,
				265E2BA92F51801E00FF97DF /* Resources */,
			);
			buildRules = (
			);
			dependencies = (
				265E2BAD2F51801E00FF97DF /* PBXTargetDependency */,
			);
			fileSystemSynchronizedGroups = (
				265E2BAE2F51801E00FF97DF /* ChangeoverUITests */,
			);
			name = ChangeoverUITests;
			packageProductDependencies = (
			);
			productName = ChangeoverUITests;
			productReference = 265E2BAB2F51801E00FF97DF /* ChangeoverUITests.xctest */;
			productType = "com.apple.product-type.bundle.ui-testing";
		};
/* End PBXNativeTarget section */

/* Begin PBXProject section */
		265E2B8C2F51801C00FF97DF /* Project object */ = {
			isa = PBXProject;
			attributes = {
				BuildIndependentTargetsInParallel = 1;
				LastSwiftUpdateCheck = 2620;
				LastUpgradeCheck = 2620;
				TargetAttributes = {
					265E2B932F51801C00FF97DF = {
						CreatedOnToolsVersion = 26.2;
					};
					265E2BA02F51801E00FF97DF = {
						CreatedOnToolsVersion = 26.2;
						TestTargetID = 265E2B932F51801C00FF97DF;
					};
					265E2BAA2F51801E00FF97DF = {
						CreatedOnToolsVersion = 26.2;
						TestTargetID = 265E2B932F51801C00FF97DF;
					};
				};
			};
			buildConfigurationList = 265E2B8F2F51801C00FF97DF /* Build configuration list for PBXProject "Changeover" */;
			developmentRegion = en;
			hasScannedForEncodings = 0;
			knownRegions = (
				en,
				Base,
			);
			mainGroup = 265E2B8B2F51801C00FF97DF;
			minimizedProjectReferenceProxies = 1;
			preferredProjectObjectVersion = 77;
			productRefGroup = 265E2B952F51801C00FF97DF /* Products */;
			projectDirPath = "";
			projectRoot = "";
			targets = (
				265E2B932F51801C00FF97DF /* Changeover */,
				265E2BA02F51801E00FF97DF /* ChangeoverTests */,
				265E2BAA2F51801E00FF97DF /* ChangeoverUITests */,
			);
		};
/* End PBXProject section */

/* Begin PBXResourcesBuildPhase section */
		265E2B922F51801C00FF97DF /* Resources */ = {
			isa = PBXResourcesBuildPhase;
			buildActionMask = 2147483647;
			files = (
			);
			runOnlyForDeploymentPostprocessing = 0;
		};
		265E2B9F2F51801E00FF97DF /* Resources */ = {
			isa = PBXResourcesBuildPhase;
			buildActionMask = 2147483647;
			files = (
			);
			runOnlyForDeploymentPostprocessing = 0;
		};
		265E2BA92F51801E00FF97DF /* Resources */ = {
			isa = PBXResourcesBuildPhase;
			buildActionMask = 2147483647;
			files = (
			);
			runOnlyForDeploymentPostprocessing = 0;
		};
/* End PBXResourcesBuildPhase section */

/* Begin PBXSourcesBuildPhase section */
		265E2B902F51801C00FF97DF /* Sources */ = {
			isa = PBXSourcesBuildPhase;
			buildActionMask = 2147483647;
			files = (
			);
			runOnlyForDeploymentPostprocessing = 0;
		};
		265E2B9D2F51801E00FF97DF /* Sources */ = {
			isa = PBXSourcesBuildPhase;
			buildActionMask = 2147483647;
			files = (
			);
			runOnlyForDeploymentPostprocessing = 0;
		};
		265E2BA72F51801E00FF97DF /* Sources */ = {
			isa = PBXSourcesBuildPhase;
			buildActionMask = 2147483647;
			files = (
			);
			runOnlyForDeploymentPostprocessing = 0;
		};
/* End PBXSourcesBuildPhase section */

/* Begin PBXTargetDependency section */
		265E2BA32F51801E00FF97DF /* PBXTargetDependency */ = {
			isa = PBXTargetDependency;
			target = 265E2B932F51801C00FF97DF /* Changeover */;
			targetProxy = 265E2BA22F51801E00FF97DF /* PBXContainerItemProxy */;
		};
		265E2BAD2F51801E00FF97DF /* PBXTargetDependency */ = {
			isa = PBXTargetDependency;
			target = 265E2B932F51801C00FF97DF /* Changeover */;
			targetProxy = 265E2BAC2F51801E00FF97DF /* PBXContainerItemProxy */;
		};
/* End PBXTargetDependency section */

/* Begin XCBuildConfiguration section */
		265E2BB32F51801E00FF97DF /* Debug */ = {
			isa = XCBuildConfiguration;
			baseConfigurationReference = 265E2BBE2F51802000FF97DF /* Secrets.xcconfig */;
			buildSettings = {
				ALWAYS_SEARCH_USER_PATHS = NO;
				ASSETCATALOG_COMPILER_GENERATE_SWIFT_ASSET_SYMBOL_EXTENSIONS = YES;
				CLANG_ANALYZER_NONNULL = YES;
				CLANG_ANALYZER_NUMBER_OBJECT_CONVERSION = YES_AGGRESSIVE;
				CLANG_CXX_LANGUAGE_STANDARD = "gnu++20";
				CLANG_ENABLE_MODULES = YES;
				CLANG_ENABLE_OBJC_ARC = YES;
				CLANG_ENABLE_OBJC_WEAK = YES;
				CLANG_WARN_BLOCK_CAPTURE_AUTORELEASING = YES;
				CLANG_WARN_BOOL_CONVERSION = YES;
				CLANG_WARN_COMMA = YES;
				CLANG_WARN_CONSTANT_CONVERSION = YES;
				CLANG_WARN_DEPRECATED_OBJC_IMPLEMENTATIONS = YES;
				CLANG_WARN_DIRECT_OBJC_ISA_USAGE = YES_ERROR;
				CLANG_WARN_DOCUMENTATION_COMMENTS = YES;
				CLANG_WARN_EMPTY_BODY = YES;
				CLANG_WARN_ENUM_CONVERSION = YES;
				CLANG_WARN_INFINITE_RECURSION = YES;
				CLANG_WARN_INT_CONVERSION = YES;
				CLANG_WARN_NON_LITERAL_NULL_CONVERSION = YES;
				CLANG_WARN_OBJC_IMPLICIT_RETAIN_SELF = YES;
				CLANG_WARN_OBJC_LITERAL_CONVERSION = YES;
				CLANG_WARN_OBJC_ROOT_CLASS = YES_ERROR;
				CLANG_WARN_QUOTED_INCLUDE_IN_FRAMEWORK_HEADER = YES;
				CLANG_WARN_RANGE_LOOP_ANALYSIS = YES;
				CLANG_WARN_STRICT_PROTOTYPES = YES;
				CLANG_WARN_SUSPICIOUS_MOVE = YES;
				CLANG_WARN_UNGUARDED_AVAILABILITY = YES_AGGRESSIVE;
				CLANG_WARN_UNREACHABLE_CODE = YES;
				CLANG_WARN__DUPLICATE_METHOD_MATCH = YES;
				COPY_PHASE_STRIP = NO;
				DEBUG_INFORMATION_FORMAT = dwarf;
				ENABLE_STRICT_OBJC_MSGSEND = YES;
				ENABLE_TESTABILITY = YES;
				ENABLE_USER_SCRIPT_SANDBOXING = YES;
				GCC_C_LANGUAGE_STANDARD = gnu17;
				GCC_DYNAMIC_NO_PIC = NO;
				GCC_NO_COMMON_BLOCKS = YES;
				GCC_OPTIMIZATION_LEVEL = 0;
				GCC_PREPROCESSOR_DEFINITIONS = (
					"DEBUG=1",
					"$(inherited)",
				);
				GCC_WARN_64_TO_32_BIT_CONVERSION = YES;
				GCC_WARN_ABOUT_RETURN_TYPE = YES_ERROR;
				GCC_WARN_UNDECLARED_SELECTOR = YES;
				GCC_WARN_UNINITIALIZED_AUTOS = YES_AGGRESSIVE;
				GCC_WARN_UNUSED_FUNCTION = YES;
				GCC_WARN_UNUSED_VARIABLE = YES;
				LOCALIZATION_PREFERS_STRING_CATALOGS = YES;
				MACOSX_DEPLOYMENT_TARGET = 26.2;
				MTL_ENABLE_DEBUG_INFO = INCLUDE_SOURCE;
				MTL_FAST_MATH = YES;
				ONLY_ACTIVE_ARCH = YES;
				SDKROOT = macosx;
				SWIFT_ACTIVE_COMPILATION_CONDITIONS = "DEBUG $(inherited)";
				SWIFT_OPTIMIZATION_LEVEL = "-Onone";
			};
			name = Debug;
		};
		265E2BB42F51801E00FF97DF /* Release */ = {
			isa = XCBuildConfiguration;
			baseConfigurationReference = 265E2BBE2F51802000FF97DF /* Secrets.xcconfig */;
			buildSettings = {
				ALWAYS_SEARCH_USER_PATHS = NO;
				ASSETCATALOG_COMPILER_GENERATE_SWIFT_ASSET_SYMBOL_EXTENSIONS = YES;
				CLANG_ANALYZER_NONNULL = YES;
				CLANG_ANALYZER_NUMBER_OBJECT_CONVERSION = YES_AGGRESSIVE;
				CLANG_CXX_LANGUAGE_STANDARD = "gnu++20";
				CLANG_ENABLE_MODULES = YES;
				CLANG_ENABLE_OBJC_ARC = YES;
				CLANG_ENABLE_OBJC_WEAK = YES;
				CLANG_WARN_BLOCK_CAPTURE_AUTORELEASING = YES;
				CLANG_WARN_BOOL_CONVERSION = YES;
				CLANG_WARN_COMMA = YES;
				CLANG_WARN_CONSTANT_CONVERSION = YES;
				CLANG_WARN_DEPRECATED_OBJC_IMPLEMENTATIONS = YES;
				CLANG_WARN_DIRECT_OBJC_ISA_USAGE = YES_ERROR;
				CLANG_WARN_DOCUMENTATION_COMMENTS = YES;
				CLANG_WARN_EMPTY_BODY = YES;
				CLANG_WARN_ENUM_CONVERSION = YES;
				CLANG_WARN_INFINITE_RECURSION = YES;
				CLANG_WARN_INT_CONVERSION = YES;
				CLANG_WARN_NON_LITERAL_NULL_CONVERSION = YES;
				CLANG_WARN_OBJC_IMPLICIT_RETAIN_SELF = YES;
				CLANG_WARN_OBJC_LITERAL_CONVERSION = YES;
				CLANG_WARN_OBJC_ROOT_CLASS = YES_ERROR;
				CLANG_WARN_QUOTED_INCLUDE_IN_FRAMEWORK_HEADER = YES;
				CLANG_WARN_RANGE_LOOP_ANALYSIS = YES;
				CLANG_WARN_STRICT_PROTOTYPES = YES;
				CLANG_WARN_SUSPICIOUS_MOVE = YES;
				CLANG_WARN_UNGUARDED_AVAILABILITY = YES_AGGRESSIVE;
				CLANG_WARN_UNREACHABLE_CODE = YES;
				CLANG_WARN__DUPLICATE_METHOD_MATCH = YES;
				COPY_PHASE_STRIP = NO;
				DEBUG_INFORMATION_FORMAT = "dwarf-with-dsym";
				ENABLE_NS_ASSERTIONS = NO;
				ENABLE_STRICT_OBJC_MSGSEND = YES;
				ENABLE_USER_SCRIPT_SANDBOXING = YES;
				GCC_C_LANGUAGE_STANDARD = gnu17;
				GCC_NO_COMMON_BLOCKS = YES;
				GCC_WARN_64_TO_32_BIT_CONVERSION = YES;
				GCC_WARN_ABOUT_RETURN_TYPE = YES_ERROR;
				GCC_WARN_UNDECLARED_SELECTOR = YES;
				GCC_WARN_UNINITIALIZED_AUTOS = YES_AGGRESSIVE;
				GCC_WARN_UNUSED_FUNCTION = YES;
				GCC_WARN_UNUSED_VARIABLE = YES;
				LOCALIZATION_PREFERS_STRING_CATALOGS = YES;
				MACOSX_DEPLOYMENT_TARGET = 26.2;
				MTL_ENABLE_DEBUG_INFO = NO;
				MTL_FAST_MATH = YES;
				SDKROOT = macosx;
				SWIFT_COMPILATION_MODE = wholemodule;
			};
			name = Release;
		};
		265E2BB62F51801E00FF97DF /* Debug */ = {
			isa = XCBuildConfiguration;
			buildSettings = {
				ASSETCATALOG_COMPILER_APPICON_NAME = AppIcon;
				ASSETCATALOG_COMPILER_GLOBAL_ACCENT_COLOR_NAME = AccentColor;
				CODE_SIGN_STYLE = Automatic;
				COMBINE_HIDPI_IMAGES = YES;
				CURRENT_PROJECT_VERSION = 1;
				ENABLE_APP_SANDBOX = NO;
				ENABLE_PREVIEWS = YES;
				GENERATE_INFOPLIST_FILE = YES;
				INFOPLIST_FILE = Changeover/Info.plist;
				INFOPLIST_KEY_LSUIElement = YES;
				LD_RUNPATH_SEARCH_PATHS = (
					"$(inherited)",
					"@executable_path/../Frameworks",
				);
				MARKETING_VERSION = 1.0;
				PRODUCT_BUNDLE_IDENTIFIER = co.sstools.Changeover;
				PRODUCT_NAME = "$(TARGET_NAME)";
				STRING_CATALOG_GENERATE_SYMBOLS = YES;
				SWIFT_APPROACHABLE_CONCURRENCY = YES;
				SWIFT_DEFAULT_ACTOR_ISOLATION = MainActor;
				SWIFT_EMIT_LOC_STRINGS = YES;
				SWIFT_UPCOMING_FEATURE_MEMBER_IMPORT_VISIBILITY = YES;
				SWIFT_VERSION = 5.0;
			};
			name = Debug;
		};
		265E2BB72F51801E00FF97DF /* Release */ = {
			isa = XCBuildConfiguration;
			buildSettings = {
				ASSETCATALOG_COMPILER_APPICON_NAME = AppIcon;
				ASSETCATALOG_COMPILER_GLOBAL_ACCENT_COLOR_NAME = AccentColor;
				CODE_SIGN_STYLE = Automatic;
				COMBINE_HIDPI_IMAGES = YES;
				CURRENT_PROJECT_VERSION = 1;
				ENABLE_APP_SANDBOX = NO;
				ENABLE_PREVIEWS = YES;
				GENERATE_INFOPLIST_FILE = YES;
				INFOPLIST_FILE = Changeover/Info.plist;
				INFOPLIST_KEY_LSUIElement = YES;
				LD_RUNPATH_SEARCH_PATHS = (
					"$(inherited)",
					"@executable_path/../Frameworks",
				);
				MARKETING_VERSION = 1.0;
				PRODUCT_BUNDLE_IDENTIFIER = co.sstools.Changeover;
				PRODUCT_NAME = "$(TARGET_NAME)";
				STRING_CATALOG_GENERATE_SYMBOLS = YES;
				SWIFT_APPROACHABLE_CONCURRENCY = YES;
				SWIFT_DEFAULT_ACTOR_ISOLATION = MainActor;
				SWIFT_EMIT_LOC_STRINGS = YES;
				SWIFT_UPCOMING_FEATURE_MEMBER_IMPORT_VISIBILITY = YES;
				SWIFT_VERSION = 5.0;
			};
			name = Release;
		};
		265E2BB92F51801E00FF97DF /* Debug */ = {
			isa = XCBuildConfiguration;
			buildSettings = {
				BUNDLE_LOADER = "$(TEST_HOST)";
				CODE_SIGN_STYLE = Automatic;
				CURRENT_PROJECT_VERSION = 1;
				GENERATE_INFOPLIST_FILE = YES;
				MACOSX_DEPLOYMENT_TARGET = 26.2;
				MARKETING_VERSION = 1.0;
				PRODUCT_BUNDLE_IDENTIFIER = co.sstools.ChangeoverTests;
				PRODUCT_NAME = "$(TARGET_NAME)";
				STRING_CATALOG_GENERATE_SYMBOLS = NO;
				SWIFT_APPROACHABLE_CONCURRENCY = YES;
				SWIFT_EMIT_LOC_STRINGS = NO;
				SWIFT_UPCOMING_FEATURE_MEMBER_IMPORT_VISIBILITY = YES;
				SWIFT_VERSION = 5.0;
				TEST_HOST = "$(BUILT_PRODUCTS_DIR)/Changeover.app/$(BUNDLE_EXECUTABLE_FOLDER_PATH)/Changeover";
			};
			name = Debug;
		};
		265E2BBA2F51801E00FF97DF /* Release */ = {
			isa = XCBuildConfiguration;
			buildSettings = {
				BUNDLE_LOADER = "$(TEST_HOST)";
				CODE_SIGN_STYLE = Automatic;
				CURRENT_PROJECT_VERSION = 1;
				GENERATE_INFOPLIST_FILE = YES;
				MACOSX_DEPLOYMENT_TARGET = 26.2;
				MARKETING_VERSION = 1.0;
				PRODUCT_BUNDLE_IDENTIFIER = co.sstools.ChangeoverTests;
				PRODUCT_NAME = "$(TARGET_NAME)";
				STRING_CATALOG_GENERATE_SYMBOLS = NO;
				SWIFT_APPROACHABLE_CONCURRENCY = YES;
				SWIFT_EMIT_LOC_STRINGS = NO;
				SWIFT_UPCOMING_FEATURE_MEMBER_IMPORT_VISIBILITY = YES;
				SWIFT_VERSION = 5.0;
				TEST_HOST = "$(BUILT_PRODUCTS_DIR)/Changeover.app/$(BUNDLE_EXECUTABLE_FOLDER_PATH)/Changeover";
			};
			name = Release;
		};
		265E2BBC2F51801E00FF97DF /* Debug */ = {
			isa = XCBuildConfiguration;
			buildSettings = {
				CODE_SIGN_STYLE = Automatic;
				CURRENT_PROJECT_VERSION = 1;
				GENERATE_INFOPLIST_FILE = YES;
				MARKETING_VERSION = 1.0;
				PRODUCT_BUNDLE_IDENTIFIER = co.sstools.ChangeoverUITests;
				PRODUCT_NAME = "$(TARGET_NAME)";
				STRING_CATALOG_GENERATE_SYMBOLS = NO;
				SWIFT_APPROACHABLE_CONCURRENCY = YES;
				SWIFT_EMIT_LOC_STRINGS = NO;
				SWIFT_UPCOMING_FEATURE_MEMBER_IMPORT_VISIBILITY = YES;
				SWIFT_VERSION = 5.0;
				TEST_TARGET_NAME = Changeover;
			};
			name = Debug;
		};
		265E2BBD2F51801E00FF97DF /* Release */ = {
			isa = XCBuildConfiguration;
			buildSettings = {
				CODE_SIGN_STYLE = Automatic;
				CURRENT_PROJECT_VERSION = 1;
				GENERATE_INFOPLIST_FILE = YES;
				MARKETING_VERSION = 1.0;
				PRODUCT_BUNDLE_IDENTIFIER = co.sstools.ChangeoverUITests;
				PRODUCT_NAME = "$(TARGET_NAME)";
				STRING_CATALOG_GENERATE_SYMBOLS = NO;
				SWIFT_APPROACHABLE_CONCURRENCY = YES;
				SWIFT_EMIT_LOC_STRINGS = NO;
				SWIFT_UPCOMING_FEATURE_MEMBER_IMPORT_VISIBILITY = YES;
				SWIFT_VERSION = 5.0;
				TEST_TARGET_NAME = Changeover;
			};
			name = Release;
		};
/* End XCBuildConfiguration section */

/* Begin XCConfigurationList section */
		265E2B8F2F51801C00FF97DF /* Build configuration list for PBXProject "Changeover" */ = {
			isa = XCConfigurationList;
			buildConfigurations = (
				265E2BB32F51801E00FF97DF /* Debug */,
				265E2BB42F51801E00FF97DF /* Release */,
			);
			defaultConfigurationIsVisible = 0;
			defaultConfigurationName = Release;
		};
		265E2BB52F51801E00FF97DF /* Build configuration list for PBXNativeTarget "Changeover" */ = {
			isa = XCConfigurationList;
			buildConfigurations = (
				265E2BB62F51801E00FF97DF /* Debug */,
				265E2BB72F51801E00FF97DF /* Release */,
			);
			defaultConfigurationIsVisible = 0;
			defaultConfigurationName = Release;
		};
		265E2BB82F51801E00FF97DF /* Build configuration list for PBXNativeTarget "ChangeoverTests" */ = {
			isa = XCConfigurationList;
			buildConfigurations = (
				265E2BB92F51801E00FF97DF /* Debug */,
				265E2BBA2F51801E00FF97DF /* Release */,
			);
			defaultConfigurationIsVisible = 0;
			defaultConfigurationName = Release;
		};
		265E2BBB2F51801E00FF97DF /* Build configuration list for PBXNativeTarget "ChangeoverUITests" */ = {
			isa = XCConfigurationList;
			buildConfigurations = (
				265E2BBC2F51801E00FF97DF /* Debug */,
				265E2BBD2F51801E00FF97DF /* Release */,
			);
			defaultConfigurationIsVisible = 0;
			defaultConfigurationName = Release;
		};
/* End XCConfigurationList section */
	};
	rootObject = 265E2B8C2F51801C00FF97DF /* Project object */;
}
